// !$*UTF8*$!
{
	archiveVersion = 1;
	classes = {
	};
	objectVersion = 46;
	objects = {

/* Begin PBXBuildFile section */
		0407704B1C3027A400D4C0EA /* main.m in Sources */ = {isa = PBXBuildFile; fileRef = 0407704A1C3027A400D4C0EA /* main.m */; };
		0407704E1C3027A400D4C0EA /* AppDelegate.m in Sources */ = {isa = PBXBuildFile; fileRef = 0407704D1C3027A400D4C0EA /* AppDelegate.m */; };
		040770511C3027A400D4C0EA /* ViewController.m in Sources */ = {isa = PBXBuildFile; fileRef = 040770501C3027A400D4C0EA /* ViewController.m */; };
		040770541C3027A400D4C0EA /* Main.storyboard in Resources */ = {isa = PBXBuildFile; fileRef = 040770521C3027A400D4C0EA /* Main.storyboard */; };
		040770561C3027A400D4C0EA /* Assets.xcassets in Resources */ = {isa = PBXBuildFile; fileRef = 040770551C3027A400D4C0EA /* Assets.xcassets */; };
		040770591C3027A400D4C0EA /* LaunchScreen.storyboard in Resources */ = {isa = PBXBuildFile; fileRef = 040770571C3027A400D4C0EA /* LaunchScreen.storyboard */; };
		040770621C3027C100D4C0EA /* WaveView.m in Sources */ = {isa = PBXBuildFile; fileRef = 040770611C3027C100D4C0EA /* WaveView.m */; };
/* End PBXBuildFile section */

/* Begin PBXFileReference section */
		040770461C3027A400D4C0EA /* 画波纹实验.app */ = {isa = PBXFileReference; explicitFileType = wrapper.application; includeInIndex = 0; path = "画波纹实验.app"; sourceTree = BUILT_PRODUCTS_DIR; };
		0407704A1C3027A400D4C0EA /* main.m */ = {isa = PBXFileReference; lastKnownFileType = sourcecode.c.objc; path = main.m; sourceTree = "<group>"; };
		0407704C1C3027A400D4C0EA /* AppDelegate.h */ = {isa = PBXFileReference; lastKnownFileType = sourcecode.c.h; path = AppDelegate.h; sourceTree = "<group>"; };
		0407704D1C3027A400D4C0EA /* AppDelegate.m */ = {isa = PBXFileReference; lastKnownFileType = sourcecode.c.objc; path = AppDelegate.m; sourceTree = "<group>"; };
		0407704F1C3027A400D4C0EA /* ViewController.h */ = {isa = PBXFileReference; lastKnownFileType = sourcecode.c.h; path = ViewController.h; sourceTree = "<group>"; };
		040770501C3027A400D4C0EA /* ViewController.m */ = {isa = PBXFileReference; lastKnownFileType = sourcecode.c.objc; path = ViewController.m; sourceTree = "<group>"; };
		040770531C3027A400D4C0EA /* Base */ = {isa = PBXFileReference; lastKnownFileType = file.storyboard; name = Base; path = Base.lproj/Main.storyboard; sourceTree = "<group>"; };
		040770551C3027A400D4C0EA /* Assets.xcassets */ = {isa = PBXFileReference; lastKnownFileType = folder.assetcatalog; path = Assets.xcassets; sourceTree = "<group>"; };
		040770581C3027A400D4C0EA /* Base */ = {isa = PBXFileReference; lastKnownFileType = file.storyboard; name = Base; path = Base.lproj/LaunchScreen.storyboard; sourceTree = "<group>"; };
		0407705A1C3027A400D4C0EA /* Info.plist */ = {isa = PBXFileReference; lastKnownFileType = text.plist.xml; path = Info.plist; sourceTree = "<group>"; };
		040770601C3027C100D4C0EA /* WaveView.h */ = {isa = PBXFileReference; fileEncoding = 4; lastKnownFileType = sourcecode.c.h; path = WaveView.h; sourceTree = "<group>"; };
		040770611C3027C100D4C0EA /* WaveView.m */ = {isa = PBXFileReference; fileEncoding = 4; lastKnownFileType = sourcecode.c.objc; path = WaveView.m; sourceTree = "<group>"; };
/* End PBXFileReference section */

/* Begin PBXFrameworksBuildPhase section */
		040770431C3027A400D4C0EA /* Frameworks */ = {
			isa = PBXFrameworksBuildPhase;
			buildActionMask = 2147483647;
			files = (
			);
			runOnlyForDeploymentPostprocessing = 0;
		};
/* End PBXFrameworksBuildPhase section */

/* Begin PBXGroup section */
		0407703D1C3027A400D4C0EA = {
			isa = PBXGroup;
			children = (
				040770481C3027A400D4C0EA /* 画波纹实验 */,
				040770471C3027A400D4C0EA /* Products */,
			);
			sourceTree = "<group>";
		};
		040770471C3027A400D4C0EA /* Products */ = {
			isa = PBXGroup;
			children = (
				040770461C3027A400D4C0EA /* 画波纹实验.app */,
			);
			name = Products;
			sourceTree = "<group>";
		};
		040770481C3027A400D4C0EA /* 画波纹实验 */ = {
			isa = PBXGroup;
			children = (
				0407704C1C3027A400D4C0EA /* AppDelegate.h */,
				0407704D1C3027A400D4C0EA /* AppDelegate.m */,
				0407704F1C3027A400D4C0EA /* ViewController.h */,
				040770501C3027A400D4C0EA /* ViewController.m */,
				040770521C3027A400D4C0EA /* Main.storyboard */,
				040770601C3027C100D4C0EA /* WaveView.h */,
				040770611C3027C100D4C0EA /* WaveView.m */,
				040770551C3027A400D4C0EA /* Assets.xcassets */,
				040770571C3027A400D4C0EA /* LaunchScreen.storyboard */,
				0407705A1C3027A400D4C0EA /* Info.plist */,
				040770491C3027A400D4C0EA /* Supporting Files */,
			);
			path = "画波纹实验";
			sourceTree = "<group>";
		};
		040770491C3027A400D4C0EA /* Supporting Files */ = {
			isa = PBXGroup;
			children = (
				0407704A1C3027A400D4C0EA /* main.m */,
			);
			name = "Supporting Files";
			sourceTree = "<group>";
		};
/* End PBXGroup section */

/* Begin PBXNativeTarget section */
		040770451C3027A400D4C0EA /* 画波纹实验 */ = {
			isa = PBXNativeTarget;
			buildConfigurationList = 0407705D1C3027A400D4C0EA /* Build configuration list for PBXNativeTarget "画波纹实验" */;
			buildPhases = (
				040770421C3027A400D4C0EA /* Sources */,
				040770431C3027A400D4C0EA /* Frameworks */,
				040770441C3027A400D4C0EA /* Resources */,
			);
			buildRules = (
			);
			dependencies = (
			);
			name = "画波纹实验";
			productName = "画波纹实验";
			productReference = 040770461C3027A400D4C0EA /* 画波纹实验.app */;
			productType = "com.apple.product-type.application";
		};
/* End PBXNativeTarget section */

/* Begin PBXProject section */
		0407703E1C3027A400D4C0EA /* Project object */ = {
			isa = PBXProject;
			attributes = {
				LastUpgradeCheck = 0710;
				ORGANIZATIONNAME = LD;
				TargetAttributes = {
					040770451C3027A400D4C0EA = {
						CreatedOnToolsVersion = 7.1;
					};
				};
			};
			buildConfigurationList = 040770411C3027A400D4C0EA /* Build configuration list for PBXProject "画波纹实验" */;
			compatibilityVersion = "Xcode 3.2";
			developmentRegion = English;
			hasScannedForEncodings = 0;
			knownRegions = (
				en,
				Base,
			);
			mainGroup = 0407703D1C3027A400D4C0EA;
			productRefGroup = 040770471C3027A400D4C0EA /* Products */;
			projectDirPath = "";
			projectRoot = "";
			targets = (
				040770451C3027A400D4C0EA /* 画波纹实验 */,
			);
		};
/* End PBXProject section */

/* Begin PBXResourcesBuildPhase section */
		040770441C3027A400D4C0EA /* Resources */ = {
			isa = PBXResourcesBuildPhase;
			buildActionMask = 2147483647;
			files = (
				040770591C3027A400D4C0EA /* LaunchScreen.storyboard in Resources */,
				040770561C3027A400D4C0EA /* Assets.xcassets in Resources */,
				040770541C3027A400D4C0EA /* Main.storyboard in Resources */,
			);
			runOnlyForDeploymentPostprocessing = 0;
		};
/* End PBXResourcesBuildPhase section */

/* Begin PBXSourcesBuildPhase section */
		040770421C3027A400D4C0EA /* Sources */ = {
			isa = PBXSourcesBuildPhase;
			buildActionMask = 2147483647;
			files = (
				040770511C3027A400D4C0EA /* ViewController.m in Sources */,
				0407704E1C3027A400D4C0EA /* AppDelegate.m in Sources */,
				0407704B1C3027A400D4C0EA /* main.m in Sources */,
				040770621C3027C100D4C0EA /* WaveView.m in Sources */,
			);
			runOnlyForDeploymentPostprocessing = 0;
		};
/* End PBXSourcesBuildPhase section */

/* Begin PBXVariantGroup section */
		040770521C3027A400D4C0EA /* Main.storyboard */ = {
			isa = PBXVariantGroup;
			children = (
				040770531C3027A400D4C0EA /* Base */,
			);
			name = Main.storyboard;
			sourceTree = "<group>";
		};
		040770571C3027A400D4C0EA /* LaunchScreen.storyboard */ = {
			isa = PBXVariantGroup;
			children = (
				040770581C3027A400D4C0EA /* Base */,
			);
			name = LaunchScreen.storyboard;
			sourceTree = "<group>";
		};
/* End PBXVariantGroup section */

/* Begin XCBuildConfiguration section */
		0407705B1C3027A400D4C0EA /* Debug */ = {
			isa = XCBuildConfiguration;
			buildSettings = {
				ALWAYS_SEARCH_USER_PATHS = NO;
				CLANG_CXX_LANGUAGE_STANDARD = "gnu++0x";
				CLANG_CXX_LIBRARY = "libc++";
				CLANG_ENABLE_MODULES = YES;
				CLANG_ENABLE_OBJC_ARC = YES;
				CLANG_WARN_BOOL_CONVERSION = YES;
				CLANG_WARN_CONSTANT_CONVERSION = YES;
				CLANG_WARN_DIRECT_OBJC_ISA_USAGE = YES_ERROR;
				CLANG_WARN_EMPTY_BODY = YES;
				CLANG_WARN_ENUM_CONVERSION = YES;
				CLANG_WARN_INT_CONVERSION = YES;
				CLANG_WARN_OBJC_ROOT_CLASS = YES_ERROR;
				CLANG_WARN_UNREACHABLE_CODE = YES;
				CLANG_WARN__DUPLICATE_METHOD_MATCH = YES;
				"CODE_SIGN_IDENTITY[sdk=iphoneos*]" = "iPhone Developer";
				COPY_PHASE_STRIP = NO;
				DEBUG_INFORMATION_FORMAT = dwarf;
				ENABLE_STRICT_OBJC_MSGSEND = YES;
				ENABLE_TESTABILITY = YES;
				GCC_C_LANGUAGE_STANDARD = gnu99;
				GCC_DYNAMIC_NO_PIC = NO;
				GCC_NO_COMMON_BLOCKS = YES;
				GCC_OPTIMIZATION_LEVEL = 0;
				GCC_PREPROCESSOR_DEFINITIONS = (
					"DEBUG=1",
					"$(inherited)",
				);
				GCC_WARN_64_TO_32_BIT_CONVERSION = YES;
				GCC_WARN_ABOUT_RETURN_TYPE = YES_ERROR;
				GCC_WARN_UNDECLARED_SELECTOR = YES;
				GCC_WARN_UNINITIALIZED_AUTOS = YES_AGGRESSIVE;
				GCC_WARN_UNUSED_FUNCTION = YES;
				GCC_WARN_UNUSED_VARIABLE = YES;
				IPHONEOS_DEPLOYMENT_TARGET = 9.1;
				MTL_ENABLE_DEBUG_INFO = YES;
				ONLY_ACTIVE_ARCH = YES;
				SDKROOT = iphoneos;
			};
			name = Debug;
		};
		0407705C1C3027A400D4C0EA /* Release */ = {
			isa = XCBuildConfiguration;
			buildSettings = {
				ALWAYS_SEARCH_USER_PATHS = NO;
				CLANG_CXX_LANGUAGE_STANDARD = "gnu++0x";
				CLANG_CXX_LIBRARY = "libc++";
				CLANG_ENABLE_MODULES = YES;
				CLANG_ENABLE_OBJC_ARC = YES;
				CLANG_WARN_BOOL_CONVERSION = YES;
				CLANG_WARN_CONSTANT_CONVERSION = YES;
				CLANG_WARN_DIRECT_OBJC_ISA_USAGE = YES_ERROR;
				CLANG_WARN_EMPTY_BODY = YES;
				CLANG_WARN_ENUM_CONVERSION = YES;
				CLANG_WARN_INT_CONVERSION = YES;
				CLANG_WARN_OBJC_ROOT_CLASS = YES_ERROR;
				CLANG_WARN_UNREACHABLE_CODE = YES;
				CLANG_WARN__DUPLICATE_METHOD_MATCH = YES;
				"CODE_SIGN_IDENTITY[sdk=iphoneos*]" = "iPhone Developer";
				COPY_PHASE_STRIP = NO;
				DEBUG_INFORMATION_FORMAT = "dwarf-with-dsym";
				ENABLE_NS_ASSERTIONS = NO;
				ENABLE_STRICT_OBJC_MSGSEND = YES;
				GCC_C_LANGUAGE_STANDARD = gnu99;
				GCC_NO_COMMON_BLOCKS = YES;
				GCC_WARN_64_TO_32_BIT_CONVERSION = YES;
				GCC_WARN_ABOUT_RETURN_TYPE = YES_ERROR;
				GCC_WARN_UNDECLARED_SELECTOR = YES;
				GCC_WARN_UNINITIALIZED_AUTOS = YES_AGGRESSIVE;
				GCC_WARN_UNUSED_FUNCTION = YES;
				GCC_WARN_UNUSED_VARIABLE = YES;
				IPHONEOS_DEPLOYMENT_TARGET = 9.1;
				MTL_ENABLE_DEBUG_INFO = NO;
				SDKROOT = iphoneos;
				VALIDATE_PRODUCT = YES;
			};
			name = Release;
		};
		0407705E1C3027A400D4C0EA /* Debug */ = {
			isa = XCBuildConfiguration;
			buildSettings = {
				ASSETCATALOG_COMPILER_APPICON_NAME = AppIcon;
				INFOPLIST_FILE = "画波纹实验/Info.plist";
				LD_RUNPATH_SEARCH_PATHS = "$(inherited) @executable_path/Frameworks";
				PRODUCT_BUNDLE_IDENTIFIER = "com.lingda.-----";
				PRODUCT_NAME = "$(TARGET_NAME)";
			};
			name = Debug;
		};
		0407705F1C3027A400D4C0EA /* Release */ = {
			isa = XCBuildConfiguration;
			buildSettings = {
				ASSETCATALOG_COMPILER_APPICON_NAME = AppIcon;
				INFOPLIST_FILE = "画波纹实验/Info.plist";
				LD_RUNPATH_SEARCH_PATHS = "$(inherited) @executable_path/Frameworks";
				PRODUCT_BUNDLE_IDENTIFIER = "com.lingda.-----";
				PRODUCT_NAME = "$(TARGET_NAME)";
			};
			name = Release;
		};
/* End XCBuildConfiguration section */

/* Begin XCConfigurationList section */
		040770411C3027A400D4C0EA /* Build configuration list for PBXProject "画波纹实验" */ = {
			isa = XCConfigurationList;
			buildConfigurations = (
				0407705B1C3027A400D4C0EA /* Debug */,
				0407705C1C3027A400D4C0EA /* Release */,
			);
			defaultConfigurationIsVisible = 0;
			defaultConfigurationName = Release;
		};
		0407705D1C3027A400D4C0EA /* Build configuration list for PBXNativeTarget "画波纹实验" */ = {
			isa = XCConfigurationList;
			buildConfigurations = (
				0407705E1C3027A400D4C0EA /* Debug */,
				0407705F1C3027A400D4C0EA /* Release */,
			);
			defaultConfigurationIsVisible = 0;
		};
/* End XCConfigurationList section */
	};
	rootObject = 0407703E1C3027A400D4C0EA /* Project object */;
}
