// !$*UTF8*$!
{
	archiveVersion = 1;
	classes = {
	};
	objectVersion = 46;
	objects = {

/* Begin PBXBuildFile section */
		048521FC1C78044F00761674 /* main.m in Sources */ = {isa = PBXBuildFile; fileRef = 048521FB1C78044F00761674 /* main.m */; };
		048521FF1C78044F00761674 /* AppDelegate.m in Sources */ = {isa = PBXBuildFile; fileRef = 048521FE1C78044F00761674 /* AppDelegate.m */; };
		048522021C78044F00761674 /* ViewController.m in Sources */ = {isa = PBXBuildFile; fileRef = 048522011C78044F00761674 /* ViewController.m */; };
		048522051C78044F00761674 /* Main.storyboard in Resources */ = {isa = PBXBuildFile; fileRef = 048522031C78044F00761674 /* Main.storyboard */; };
		048522071C78044F00761674 /* Assets.xcassets in Resources */ = {isa = PBXBuildFile; fileRef = 048522061C78044F00761674 /* Assets.xcassets */; };
		0485220A1C78044F00761674 /* LaunchScreen.storyboard in Resources */ = {isa = PBXBuildFile; fileRef = 048522081C78044F00761674 /* LaunchScreen.storyboard */; };
		048522131C7804A900761674 /* UIView+LDViewLine.m in Sources */ = {isa = PBXBuildFile; fileRef = 048522121C7804A900761674 /* UIView+LDViewLine.m */; };
/* End PBXBuildFile section */

/* Begin PBXFileReference section */
		048521F71C78044F00761674 /* 链式编程.app */ = {isa = PBXFileReference; explicitFileType = wrapper.application; includeInIndex = 0; path = "链式编程.app"; sourceTree = BUILT_PRODUCTS_DIR; };
		048521FB1C78044F00761674 /* main.m */ = {isa = PBXFileReference; lastKnownFileType = sourcecode.c.objc; path = main.m; sourceTree = "<group>"; };
		048521FD1C78044F00761674 /* AppDelegate.h */ = {isa = PBXFileReference; lastKnownFileType = sourcecode.c.h; path = AppDelegate.h; sourceTree = "<group>"; };
		048521FE1C78044F00761674 /* AppDelegate.m */ = {isa = PBXFileReference; lastKnownFileType = sourcecode.c.objc; path = AppDelegate.m; sourceTree = "<group>"; };
		048522001C78044F00761674 /* ViewController.h */ = {isa = PBXFileReference; lastKnownFileType = sourcecode.c.h; path = ViewController.h; sourceTree = "<group>"; };
		048522011C78044F00761674 /* ViewController.m */ = {isa = PBXFileReference; lastKnownFileType = sourcecode.c.objc; path = ViewController.m; sourceTree = "<group>"; };
		048522041C78044F00761674 /* Base */ = {isa = PBXFileReference; lastKnownFileType = file.storyboard; name = Base; path = Base.lproj/Main.storyboard; sourceTree = "<group>"; };
		048522061C78044F00761674 /* Assets.xcassets */ = {isa = PBXFileReference; lastKnownFileType = folder.assetcatalog; path = Assets.xcassets; sourceTree = "<group>"; };
		048522091C78044F00761674 /* Base */ = {isa = PBXFileReference; lastKnownFileType = file.storyboard; name = Base; path = Base.lproj/LaunchScreen.storyboard; sourceTree = "<group>"; };
		0485220B1C78044F00761674 /* Info.plist */ = {isa = PBXFileReference; lastKnownFileType = text.plist.xml; path = Info.plist; sourceTree = "<group>"; };
		048522111C7804A900761674 /* UIView+LDViewLine.h */ = {isa = PBXFileReference; fileEncoding = 4; lastKnownFileType = sourcecode.c.h; path = "UIView+LDViewLine.h"; sourceTree = "<group>"; };
		048522121C7804A900761674 /* UIView+LDViewLine.m */ = {isa = PBXFileReference; fileEncoding = 4; lastKnownFileType = sourcecode.c.objc; path = "UIView+LDViewLine.m"; sourceTree = "<group>"; };
/* End PBXFileReference section */

/* Begin PBXFrameworksBuildPhase section */
		048521F41C78044F00761674 /* Frameworks */ = {
			isa = PBXFrameworksBuildPhase;
			buildActionMask = 2147483647;
			files = (
			);
			runOnlyForDeploymentPostprocessing = 0;
		};
/* End PBXFrameworksBuildPhase section */

/* Begin PBXGroup section */
		048521EE1C78044F00761674 = {
			isa = PBXGroup;
			children = (
				048521F91C78044F00761674 /* 链式编程 */,
				048521F81C78044F00761674 /* Products */,
			);
			sourceTree = "<group>";
		};
		048521F81C78044F00761674 /* Products */ = {
			isa = PBXGroup;
			children = (
				048521F71C78044F00761674 /* 链式编程.app */,
			);
			name = Products;
			sourceTree = "<group>";
		};
		048521F91C78044F00761674 /* 链式编程 */ = {
			isa = PBXGroup;
			children = (
				048521FD1C78044F00761674 /* AppDelegate.h */,
				048521FE1C78044F00761674 /* AppDelegate.m */,
				048522001C78044F00761674 /* ViewController.h */,
				048522011C78044F00761674 /* ViewController.m */,
				048522031C78044F00761674 /* Main.storyboard */,
				048522061C78044F00761674 /* Assets.xcassets */,
				048522081C78044F00761674 /* LaunchScreen.storyboard */,
				0485220B1C78044F00761674 /* Info.plist */,
				048521FA1C78044F00761674 /* Supporting Files */,
				048522111C7804A900761674 /* UIView+LDViewLine.h */,
				048522121C7804A900761674 /* UIView+LDViewLine.m */,
			);
			path = "链式编程";
			sourceTree = "<group>";
		};
		048521FA1C78044F00761674 /* Supporting Files */ = {
			isa = PBXGroup;
			children = (
				048521FB1C78044F00761674 /* main.m */,
			);
			name = "Supporting Files";
			sourceTree = "<group>";
		};
/* End PBXGroup section */

/* Begin PBXNativeTarget section */
		048521F61C78044F00761674 /* 链式编程 */ = {
			isa = PBXNativeTarget;
			buildConfigurationList = 0485220E1C78044F00761674 /* Build configuration list for PBXNativeTarget "链式编程" */;
			buildPhases = (
				048521F31C78044F00761674 /* Sources */,
				048521F41C78044F00761674 /* Frameworks */,
				048521F51C78044F00761674 /* Resources */,
			);
			buildRules = (
			);
			dependencies = (
			);
			name = "链式编程";
			productName = "链式编程";
			productReference = 048521F71C78044F00761674 /* 链式编程.app */;
			productType = "com.apple.product-type.application";
		};
/* End PBXNativeTarget section */

/* Begin PBXProject section */
		048521EF1C78044F00761674 /* Project object */ = {
			isa = PBXProject;
			attributes = {
				LastUpgradeCheck = 0710;
				ORGANIZATIONNAME = LD;
				TargetAttributes = {
					048521F61C78044F00761674 = {
						CreatedOnToolsVersion = 7.1;
					};
				};
			};
			buildConfigurationList = 048521F21C78044F00761674 /* Build configuration list for PBXProject "链式编程" */;
			compatibilityVersion = "Xcode 3.2";
			developmentRegion = English;
			hasScannedForEncodings = 0;
			knownRegions = (
				en,
				Base,
			);
			mainGroup = 048521EE1C78044F00761674;
			productRefGroup = 048521F81C78044F00761674 /* Products */;
			projectDirPath = "";
			projectRoot = "";
			targets = (
				048521F61C78044F00761674 /* 链式编程 */,
			);
		};
/* End PBXProject section */

/* Begin PBXResourcesBuildPhase section */
		048521F51C78044F00761674 /* Resources */ = {
			isa = PBXResourcesBuildPhase;
			buildActionMask = 2147483647;
			files = (
				0485220A1C78044F00761674 /* LaunchScreen.storyboard in Resources */,
				048522071C78044F00761674 /* Assets.xcassets in Resources */,
				048522051C78044F00761674 /* Main.storyboard in Resources */,
			);
			runOnlyForDeploymentPostprocessing = 0;
		};
/* End PBXResourcesBuildPhase section */

/* Begin PBXSourcesBuildPhase section */
		048521F31C78044F00761674 /* Sources */ = {
			isa = PBXSourcesBuildPhase;
			buildActionMask = 2147483647;
			files = (
				048522021C78044F00761674 /* ViewController.m in Sources */,
				048522131C7804A900761674 /* UIView+LDViewLine.m in Sources */,
				048521FF1C78044F00761674 /* AppDelegate.m in Sources */,
				048521FC1C78044F00761674 /* main.m in Sources */,
			);
			runOnlyForDeploymentPostprocessing = 0;
		};
/* End PBXSourcesBuildPhase section */

/* Begin PBXVariantGroup section */
		048522031C78044F00761674 /* Main.storyboard */ = {
			isa = PBXVariantGroup;
			children = (
				048522041C78044F00761674 /* Base */,
			);
			name = Main.storyboard;
			sourceTree = "<group>";
		};
		048522081C78044F00761674 /* LaunchScreen.storyboard */ = {
			isa = PBXVariantGroup;
			children = (
				048522091C78044F00761674 /* Base */,
			);
			name = LaunchScreen.storyboard;
			sourceTree = "<group>";
		};
/* End PBXVariantGroup section */

/* Begin XCBuildConfiguration section */
		0485220C1C78044F00761674 /* Debug */ = {
			isa = XCBuildConfiguration;
			buildSettings = {
				ALWAYS_SEARCH_USER_PATHS = NO;
				CLANG_CXX_LANGUAGE_STANDARD = "gnu++0x";
				CLANG_CXX_LIBRARY = "libc++";
				CLANG_ENABLE_MODULES = YES;
				CLANG_ENABLE_OBJC_ARC = YES;
				CLANG_WARN_BOOL_CONVERSION = YES;
				CLANG_WARN_CONSTANT_CONVERSION = YES;
				CLANG_WARN_DIRECT_OBJC_ISA_USAGE = YES_ERROR;
				CLANG_WARN_EMPTY_BODY = YES;
				CLANG_WARN_ENUM_CONVERSION = YES;
				CLANG_WARN_INT_CONVERSION = YES;
				CLANG_WARN_OBJC_ROOT_CLASS = YES_ERROR;
				CLANG_WARN_UNREACHABLE_CODE = YES;
				CLANG_WARN__DUPLICATE_METHOD_MATCH = YES;
				"CODE_SIGN_IDENTITY[sdk=iphoneos*]" = "iPhone Developer";
				COPY_PHASE_STRIP = NO;
				DEBUG_INFORMATION_FORMAT = dwarf;
				ENABLE_STRICT_OBJC_MSGSEND = YES;
				ENABLE_TESTABILITY = YES;
				GCC_C_LANGUAGE_STANDARD = gnu99;
				GCC_DYNAMIC_NO_PIC = NO;
				GCC_NO_COMMON_BLOCKS = YES;
				GCC_OPTIMIZATION_LEVEL = 0;
				GCC_PREPROCESSOR_DEFINITIONS = (
					"DEBUG=1",
					"$(inherited)",
				);
				GCC_WARN_64_TO_32_BIT_CONVERSION = YES;
				GCC_WARN_ABOUT_RETURN_TYPE = YES_ERROR;
				GCC_WARN_UNDECLARED_SELECTOR = YES;
				GCC_WARN_UNINITIALIZED_AUTOS = YES_AGGRESSIVE;
				GCC_WARN_UNUSED_FUNCTION = YES;
				GCC_WARN_UNUSED_VARIABLE = YES;
				IPHONEOS_DEPLOYMENT_TARGET = 9.1;
				MTL_ENABLE_DEBUG_INFO = YES;
				ONLY_ACTIVE_ARCH = YES;
				SDKROOT = iphoneos;
			};
			name = Debug;
		};
		0485220D1C78044F00761674 /* Release */ = {
			isa = XCBuildConfiguration;
			buildSettings = {
				ALWAYS_SEARCH_USER_PATHS = NO;
				CLANG_CXX_LANGUAGE_STANDARD = "gnu++0x";
				CLANG_CXX_LIBRARY = "libc++";
				CLANG_ENABLE_MODULES = YES;
				CLANG_ENABLE_OBJC_ARC = YES;
				CLANG_WARN_BOOL_CONVERSION = YES;
				CLANG_WARN_CONSTANT_CONVERSION = YES;
				CLANG_WARN_DIRECT_OBJC_ISA_USAGE = YES_ERROR;
				CLANG_WARN_EMPTY_BODY = YES;
				CLANG_WARN_ENUM_CONVERSION = YES;
				CLANG_WARN_INT_CONVERSION = YES;
				CLANG_WARN_OBJC_ROOT_CLASS = YES_ERROR;
				CLANG_WARN_UNREACHABLE_CODE = YES;
				CLANG_WARN__DUPLICATE_METHOD_MATCH = YES;
				"CODE_SIGN_IDENTITY[sdk=iphoneos*]" = "iPhone Developer";
				COPY_PHASE_STRIP = NO;
				DEBUG_INFORMATION_FORMAT = "dwarf-with-dsym";
				ENABLE_NS_ASSERTIONS = NO;
				ENABLE_STRICT_OBJC_MSGSEND = YES;
				GCC_C_LANGUAGE_STANDARD = gnu99;
				GCC_NO_COMMON_BLOCKS = YES;
				GCC_WARN_64_TO_32_BIT_CONVERSION = YES;
				GCC_WARN_ABOUT_RETURN_TYPE = YES_ERROR;
				GCC_WARN_UNDECLARED_SELECTOR = YES;
				GCC_WARN_UNINITIALIZED_AUTOS = YES_AGGRESSIVE;
				GCC_WARN_UNUSED_FUNCTION = YES;
				GCC_WARN_UNUSED_VARIABLE = YES;
				IPHONEOS_DEPLOYMENT_TARGET = 9.1;
				MTL_ENABLE_DEBUG_INFO = NO;
				SDKROOT = iphoneos;
				VALIDATE_PRODUCT = YES;
			};
			name = Release;
		};
		0485220F1C78044F00761674 /* Debug */ = {
			isa = XCBuildConfiguration;
			buildSettings = {
				ASSETCATALOG_COMPILER_APPICON_NAME = AppIcon;
				INFOPLIST_FILE = "链式编程/Info.plist";
				LD_RUNPATH_SEARCH_PATHS = "$(inherited) @executable_path/Frameworks";
				PRODUCT_BUNDLE_IDENTIFIER = "com.lingda.----";
				PRODUCT_NAME = "$(TARGET_NAME)";
			};
			name = Debug;
		};
		048522101C78044F00761674 /* Release */ = {
			isa = XCBuildConfiguration;
			buildSettings = {
				ASSETCATALOG_COMPILER_APPICON_NAME = AppIcon;
				INFOPLIST_FILE = "链式编程/Info.plist";
				LD_RUNPATH_SEARCH_PATHS = "$(inherited) @executable_path/Frameworks";
				PRODUCT_BUNDLE_IDENTIFIER = "com.lingda.----";
				PRODUCT_NAME = "$(TARGET_NAME)";
			};
			name = Release;
		};
/* End XCBuildConfiguration section */

/* Begin XCConfigurationList section */
		048521F21C78044F00761674 /* Build configuration list for PBXProject "链式编程" */ = {
			isa = XCConfigurationList;
			buildConfigurations = (
				0485220C1C78044F00761674 /* Debug */,
				0485220D1C78044F00761674 /* Release */,
			);
			defaultConfigurationIsVisible = 0;
			defaultConfigurationName = Release;
		};
		0485220E1C78044F00761674 /* Build configuration list for PBXNativeTarget "链式编程" */ = {
			isa = XCConfigurationList;
			buildConfigurations = (
				0485220F1C78044F00761674 /* Debug */,
				048522101C78044F00761674 /* Release */,
			);
			defaultConfigurationIsVisible = 0;
		};
/* End XCConfigurationList section */
	};
	rootObject = 048521EF1C78044F00761674 /* Project object */;
}
