// !$*UTF8*$!
{
	archiveVersion = 1;
	classes = {
	};
	objectVersion = 46;
	objects = {

/* Begin PBXBuildFile section */
		F8E4E77C1CAA802B00127B99 /* main.m in Sources */ = {isa = PBXBuildFile; fileRef = F8E4E77B1CAA802B00127B99 /* main.m */; };
		F8E4E77F1CAA802B00127B99 /* AppDelegate.m in Sources */ = {isa = PBXBuildFile; fileRef = F8E4E77E1CAA802B00127B99 /* AppDelegate.m */; };
		F8E4E7821CAA802B00127B99 /* ViewController.m in Sources */ = {isa = PBXBuildFile; fileRef = F8E4E7811CAA802B00127B99 /* ViewController.m */; };
		F8E4E7851CAA802B00127B99 /* Main.storyboard in Resources */ = {isa = PBXBuildFile; fileRef = F8E4E7831CAA802B00127B99 /* Main.storyboard */; };
		F8E4E7871CAA802B00127B99 /* Assets.xcassets in Resources */ = {isa = PBXBuildFile; fileRef = F8E4E7861CAA802B00127B99 /* Assets.xcassets */; };
		F8E4E78A1CAA802B00127B99 /* LaunchScreen.storyboard in Resources */ = {isa = PBXBuildFile; fileRef = F8E4E7881CAA802B00127B99 /* LaunchScreen.storyboard */; };
		F8E4E7951CAA802B00127B99 /* tablebar__Tests.m in Sources */ = {isa = PBXBuildFile; fileRef = F8E4E7941CAA802B00127B99 /* tablebar__Tests.m */; };
		F8E4E7A01CAA802B00127B99 /* tablebar__UITests.m in Sources */ = {isa = PBXBuildFile; fileRef = F8E4E79F1CAA802B00127B99 /* tablebar__UITests.m */; };
		F8E4E7AF1CAA809F00127B99 /* UITabBar+KDTabBarBadge.m in Sources */ = {isa = PBXBuildFile; fileRef = F8E4E7AE1CAA809F00127B99 /* UITabBar+KDTabBarBadge.m */; };
/* End PBXBuildFile section */

/* Begin PBXContainerItemProxy section */
		F8E4E7911CAA802B00127B99 /* PBXContainerItemProxy */ = {
			isa = PBXContainerItemProxy;
			containerPortal = F8E4E76F1CAA802B00127B99 /* Project object */;
			proxyType = 1;
			remoteGlobalIDString = F8E4E7761CAA802B00127B99;
			remoteInfo = "tablebar测试";
		};
		F8E4E79C1CAA802B00127B99 /* PBXContainerItemProxy */ = {
			isa = PBXContainerItemProxy;
			containerPortal = F8E4E76F1CAA802B00127B99 /* Project object */;
			proxyType = 1;
			remoteGlobalIDString = F8E4E7761CAA802B00127B99;
			remoteInfo = "tablebar测试";
		};
/* End PBXContainerItemProxy section */

/* Begin PBXFileReference section */
		F8E4E7771CAA802B00127B99 /* tablebar测试.app */ = {isa = PBXFileReference; explicitFileType = wrapper.application; includeInIndex = 0; path = "tablebar测试.app"; sourceTree = BUILT_PRODUCTS_DIR; };
		F8E4E77B1CAA802B00127B99 /* main.m */ = {isa = PBXFileReference; lastKnownFileType = sourcecode.c.objc; path = main.m; sourceTree = "<group>"; };
		F8E4E77D1CAA802B00127B99 /* AppDelegate.h */ = {isa = PBXFileReference; lastKnownFileType = sourcecode.c.h; path = AppDelegate.h; sourceTree = "<group>"; };
		F8E4E77E1CAA802B00127B99 /* AppDelegate.m */ = {isa = PBXFileReference; lastKnownFileType = sourcecode.c.objc; path = AppDelegate.m; sourceTree = "<group>"; };
		F8E4E7801CAA802B00127B99 /* ViewController.h */ = {isa = PBXFileReference; lastKnownFileType = sourcecode.c.h; path = ViewController.h; sourceTree = "<group>"; };
		F8E4E7811CAA802B00127B99 /* ViewController.m */ = {isa = PBXFileReference; lastKnownFileType = sourcecode.c.objc; path = ViewController.m; sourceTree = "<group>"; };
		F8E4E7841CAA802B00127B99 /* Base */ = {isa = PBXFileReference; lastKnownFileType = file.storyboard; name = Base; path = Base.lproj/Main.storyboard; sourceTree = "<group>"; };
		F8E4E7861CAA802B00127B99 /* Assets.xcassets */ = {isa = PBXFileReference; lastKnownFileType = folder.assetcatalog; path = Assets.xcassets; sourceTree = "<group>"; };
		F8E4E7891CAA802B00127B99 /* Base */ = {isa = PBXFileReference; lastKnownFileType = file.storyboard; name = Base; path = Base.lproj/LaunchScreen.storyboard; sourceTree = "<group>"; };
		F8E4E78B1CAA802B00127B99 /* Info.plist */ = {isa = PBXFileReference; lastKnownFileType = text.plist.xml; path = Info.plist; sourceTree = "<group>"; };
		F8E4E7901CAA802B00127B99 /* tablebar测试Tests.xctest */ = {isa = PBXFileReference; explicitFileType = wrapper.cfbundle; includeInIndex = 0; path = "tablebar测试Tests.xctest"; sourceTree = BUILT_PRODUCTS_DIR; };
		F8E4E7941CAA802B00127B99 /* tablebar__Tests.m */ = {isa = PBXFileReference; lastKnownFileType = sourcecode.c.objc; path = tablebar__Tests.m; sourceTree = "<group>"; };
		F8E4E7961CAA802B00127B99 /* Info.plist */ = {isa = PBXFileReference; lastKnownFileType = text.plist.xml; path = Info.plist; sourceTree = "<group>"; };
		F8E4E79B1CAA802B00127B99 /* tablebar测试UITests.xctest */ = {isa = PBXFileReference; explicitFileType = wrapper.cfbundle; includeInIndex = 0; path = "tablebar测试UITests.xctest"; sourceTree = BUILT_PRODUCTS_DIR; };
		F8E4E79F1CAA802B00127B99 /* tablebar__UITests.m */ = {isa = PBXFileReference; lastKnownFileType = sourcecode.c.objc; path = tablebar__UITests.m; sourceTree = "<group>"; };
		F8E4E7A11CAA802B00127B99 /* Info.plist */ = {isa = PBXFileReference; lastKnownFileType = text.plist.xml; path = Info.plist; sourceTree = "<group>"; };
		F8E4E7AD1CAA809F00127B99 /* UITabBar+KDTabBarBadge.h */ = {isa = PBXFileReference; fileEncoding = 4; lastKnownFileType = sourcecode.c.h; path = "UITabBar+KDTabBarBadge.h"; sourceTree = "<group>"; };
		F8E4E7AE1CAA809F00127B99 /* UITabBar+KDTabBarBadge.m */ = {isa = PBXFileReference; fileEncoding = 4; lastKnownFileType = sourcecode.c.objc; path = "UITabBar+KDTabBarBadge.m"; sourceTree = "<group>"; };
/* End PBXFileReference section */

/* Begin PBXFrameworksBuildPhase section */
		F8E4E7741CAA802B00127B99 /* Frameworks */ = {
			isa = PBXFrameworksBuildPhase;
			buildActionMask = 2147483647;
			files = (
			);
			runOnlyForDeploymentPostprocessing = 0;
		};
		F8E4E78D1CAA802B00127B99 /* Frameworks */ = {
			isa = PBXFrameworksBuildPhase;
			buildActionMask = 2147483647;
			files = (
			);
			runOnlyForDeploymentPostprocessing = 0;
		};
		F8E4E7981CAA802B00127B99 /* Frameworks */ = {
			isa = PBXFrameworksBuildPhase;
			buildActionMask = 2147483647;
			files = (
			);
			runOnlyForDeploymentPostprocessing = 0;
		};
/* End PBXFrameworksBuildPhase section */

/* Begin PBXGroup section */
		F8E4E76E1CAA802B00127B99 = {
			isa = PBXGroup;
			children = (
				F8E4E7791CAA802B00127B99 /* tablebar测试 */,
				F8E4E7931CAA802B00127B99 /* tablebar测试Tests */,
				F8E4E79E1CAA802B00127B99 /* tablebar测试UITests */,
				F8E4E7781CAA802B00127B99 /* Products */,
			);
			sourceTree = "<group>";
		};
		F8E4E7781CAA802B00127B99 /* Products */ = {
			isa = PBXGroup;
			children = (
				F8E4E7771CAA802B00127B99 /* tablebar测试.app */,
				F8E4E7901CAA802B00127B99 /* tablebar测试Tests.xctest */,
				F8E4E79B1CAA802B00127B99 /* tablebar测试UITests.xctest */,
			);
			name = Products;
			sourceTree = "<group>";
		};
		F8E4E7791CAA802B00127B99 /* tablebar测试 */ = {
			isa = PBXGroup;
			children = (
				F8E4E7AD1CAA809F00127B99 /* UITabBar+KDTabBarBadge.h */,
				F8E4E7AE1CAA809F00127B99 /* UITabBar+KDTabBarBadge.m */,
				F8E4E77D1CAA802B00127B99 /* AppDelegate.h */,
				F8E4E77E1CAA802B00127B99 /* AppDelegate.m */,
				F8E4E7801CAA802B00127B99 /* ViewController.h */,
				F8E4E7811CAA802B00127B99 /* ViewController.m */,
				F8E4E7831CAA802B00127B99 /* Main.storyboard */,
				F8E4E7861CAA802B00127B99 /* Assets.xcassets */,
				F8E4E7881CAA802B00127B99 /* LaunchScreen.storyboard */,
				F8E4E78B1CAA802B00127B99 /* Info.plist */,
				F8E4E77A1CAA802B00127B99 /* Supporting Files */,
			);
			path = "tablebar测试";
			sourceTree = "<group>";
		};
		F8E4E77A1CAA802B00127B99 /* Supporting Files */ = {
			isa = PBXGroup;
			children = (
				F8E4E77B1CAA802B00127B99 /* main.m */,
			);
			name = "Supporting Files";
			sourceTree = "<group>";
		};
		F8E4E7931CAA802B00127B99 /* tablebar测试Tests */ = {
			isa = PBXGroup;
			children = (
				F8E4E7941CAA802B00127B99 /* tablebar__Tests.m */,
				F8E4E7961CAA802B00127B99 /* Info.plist */,
			);
			path = "tablebar测试Tests";
			sourceTree = "<group>";
		};
		F8E4E79E1CAA802B00127B99 /* tablebar测试UITests */ = {
			isa = PBXGroup;
			children = (
				F8E4E79F1CAA802B00127B99 /* tablebar__UITests.m */,
				F8E4E7A11CAA802B00127B99 /* Info.plist */,
			);
			path = "tablebar测试UITests";
			sourceTree = "<group>";
		};
/* End PBXGroup section */

/* Begin PBXNativeTarget section */
		F8E4E7761CAA802B00127B99 /* tablebar测试 */ = {
			isa = PBXNativeTarget;
			buildConfigurationList = F8E4E7A41CAA802B00127B99 /* Build configuration list for PBXNativeTarget "tablebar测试" */;
			buildPhases = (
				F8E4E7731CAA802B00127B99 /* Sources */,
				F8E4E7741CAA802B00127B99 /* Frameworks */,
				F8E4E7751CAA802B00127B99 /* Resources */,
			);
			buildRules = (
			);
			dependencies = (
			);
			name = "tablebar测试";
			productName = "tablebar测试";
			productReference = F8E4E7771CAA802B00127B99 /* tablebar测试.app */;
			productType = "com.apple.product-type.application";
		};
		F8E4E78F1CAA802B00127B99 /* tablebar测试Tests */ = {
			isa = PBXNativeTarget;
			buildConfigurationList = F8E4E7A71CAA802B00127B99 /* Build configuration list for PBXNativeTarget "tablebar测试Tests" */;
			buildPhases = (
				F8E4E78C1CAA802B00127B99 /* Sources */,
				F8E4E78D1CAA802B00127B99 /* Frameworks */,
				F8E4E78E1CAA802B00127B99 /* Resources */,
			);
			buildRules = (
			);
			dependencies = (
				F8E4E7921CAA802B00127B99 /* PBXTargetDependency */,
			);
			name = "tablebar测试Tests";
			productName = "tablebar测试Tests";
			productReference = F8E4E7901CAA802B00127B99 /* tablebar测试Tests.xctest */;
			productType = "com.apple.product-type.bundle.unit-test";
		};
		F8E4E79A1CAA802B00127B99 /* tablebar测试UITests */ = {
			isa = PBXNativeTarget;
			buildConfigurationList = F8E4E7AA1CAA802B00127B99 /* Build configuration list for PBXNativeTarget "tablebar测试UITests" */;
			buildPhases = (
				F8E4E7971CAA802B00127B99 /* Sources */,
				F8E4E7981CAA802B00127B99 /* Frameworks */,
				F8E4E7991CAA802B00127B99 /* Resources */,
			);
			buildRules = (
			);
			dependencies = (
				F8E4E79D1CAA802B00127B99 /* PBXTargetDependency */,
			);
			name = "tablebar测试UITests";
			productName = "tablebar测试UITests";
			productReference = F8E4E79B1CAA802B00127B99 /* tablebar测试UITests.xctest */;
			productType = "com.apple.product-type.bundle.ui-testing";
		};
/* End PBXNativeTarget section */

/* Begin PBXProject section */
		F8E4E76F1CAA802B00127B99 /* Project object */ = {
			isa = PBXProject;
			attributes = {
				LastUpgradeCheck = 0710;
				ORGANIZATIONNAME = yh;
				TargetAttributes = {
					F8E4E7761CAA802B00127B99 = {
						CreatedOnToolsVersion = 7.1;
					};
					F8E4E78F1CAA802B00127B99 = {
						CreatedOnToolsVersion = 7.1;
						TestTargetID = F8E4E7761CAA802B00127B99;
					};
					F8E4E79A1CAA802B00127B99 = {
						CreatedOnToolsVersion = 7.1;
						TestTargetID = F8E4E7761CAA802B00127B99;
					};
				};
			};
			buildConfigurationList = F8E4E7721CAA802B00127B99 /* Build configuration list for PBXProject "tablebar测试" */;
			compatibilityVersion = "Xcode 3.2";
			developmentRegion = English;
			hasScannedForEncodings = 0;
			knownRegions = (
				en,
				Base,
			);
			mainGroup = F8E4E76E1CAA802B00127B99;
			productRefGroup = F8E4E7781CAA802B00127B99 /* Products */;
			projectDirPath = "";
			projectRoot = "";
			targets = (
				F8E4E7761CAA802B00127B99 /* tablebar测试 */,
				F8E4E78F1CAA802B00127B99 /* tablebar测试Tests */,
				F8E4E79A1CAA802B00127B99 /* tablebar测试UITests */,
			);
		};
/* End PBXProject section */

/* Begin PBXResourcesBuildPhase section */
		F8E4E7751CAA802B00127B99 /* Resources */ = {
			isa = PBXResourcesBuildPhase;
			buildActionMask = 2147483647;
			files = (
				F8E4E78A1CAA802B00127B99 /* LaunchScreen.storyboard in Resources */,
				F8E4E7871CAA802B00127B99 /* Assets.xcassets in Resources */,
				F8E4E7851CAA802B00127B99 /* Main.storyboard in Resources */,
			);
			runOnlyForDeploymentPostprocessing = 0;
		};
		F8E4E78E1CAA802B00127B99 /* Resources */ = {
			isa = PBXResourcesBuildPhase;
			buildActionMask = 2147483647;
			files = (
			);
			runOnlyForDeploymentPostprocessing = 0;
		};
		F8E4E7991CAA802B00127B99 /* Resources */ = {
			isa = PBXResourcesBuildPhase;
			buildActionMask = 2147483647;
			files = (
			);
			runOnlyForDeploymentPostprocessing = 0;
		};
/* End PBXResourcesBuildPhase section */

/* Begin PBXSourcesBuildPhase section */
		F8E4E7731CAA802B00127B99 /* Sources */ = {
			isa = PBXSourcesBuildPhase;
			buildActionMask = 2147483647;
			files = (
				F8E4E7821CAA802B00127B99 /* ViewController.m in Sources */,
				F8E4E77F1CAA802B00127B99 /* AppDelegate.m in Sources */,
				F8E4E7AF1CAA809F00127B99 /* UITabBar+KDTabBarBadge.m in Sources */,
				F8E4E77C1CAA802B00127B99 /* main.m in Sources */,
			);
			runOnlyForDeploymentPostprocessing = 0;
		};
		F8E4E78C1CAA802B00127B99 /* Sources */ = {
			isa = PBXSourcesBuildPhase;
			buildActionMask = 2147483647;
			files = (
				F8E4E7951CAA802B00127B99 /* tablebar__Tests.m in Sources */,
			);
			runOnlyForDeploymentPostprocessing = 0;
		};
		F8E4E7971CAA802B00127B99 /* Sources */ = {
			isa = PBXSourcesBuildPhase;
			buildActionMask = 2147483647;
			files = (
				F8E4E7A01CAA802B00127B99 /* tablebar__UITests.m in Sources */,
			);
			runOnlyForDeploymentPostprocessing = 0;
		};
/* End PBXSourcesBuildPhase section */

/* Begin PBXTargetDependency section */
		F8E4E7921CAA802B00127B99 /* PBXTargetDependency */ = {
			isa = PBXTargetDependency;
			target = F8E4E7761CAA802B00127B99 /* tablebar测试 */;
			targetProxy = F8E4E7911CAA802B00127B99 /* PBXContainerItemProxy */;
		};
		F8E4E79D1CAA802B00127B99 /* PBXTargetDependency */ = {
			isa = PBXTargetDependency;
			target = F8E4E7761CAA802B00127B99 /* tablebar测试 */;
			targetProxy = F8E4E79C1CAA802B00127B99 /* PBXContainerItemProxy */;
		};
/* End PBXTargetDependency section */

/* Begin PBXVariantGroup section */
		F8E4E7831CAA802B00127B99 /* Main.storyboard */ = {
			isa = PBXVariantGroup;
			children = (
				F8E4E7841CAA802B00127B99 /* Base */,
			);
			name = Main.storyboard;
			sourceTree = "<group>";
		};
		F8E4E7881CAA802B00127B99 /* LaunchScreen.storyboard */ = {
			isa = PBXVariantGroup;
			children = (
				F8E4E7891CAA802B00127B99 /* Base */,
			);
			name = LaunchScreen.storyboard;
			sourceTree = "<group>";
		};
/* End PBXVariantGroup section */

/* Begin XCBuildConfiguration section */
		F8E4E7A21CAA802B00127B99 /* Debug */ = {
			isa = XCBuildConfiguration;
			buildSettings = {
				ALWAYS_SEARCH_USER_PATHS = NO;
				CLANG_CXX_LANGUAGE_STANDARD = "gnu++0x";
				CLANG_CXX_LIBRARY = "libc++";
				CLANG_ENABLE_MODULES = YES;
				CLANG_ENABLE_OBJC_ARC = YES;
				CLANG_WARN_BOOL_CONVERSION = YES;
				CLANG_WARN_CONSTANT_CONVERSION = YES;
				CLANG_WARN_DIRECT_OBJC_ISA_USAGE = YES_ERROR;
				CLANG_WARN_EMPTY_BODY = YES;
				CLANG_WARN_ENUM_CONVERSION = YES;
				CLANG_WARN_INT_CONVERSION = YES;
				CLANG_WARN_OBJC_ROOT_CLASS = YES_ERROR;
				CLANG_WARN_UNREACHABLE_CODE = YES;
				CLANG_WARN__DUPLICATE_METHOD_MATCH = YES;
				"CODE_SIGN_IDENTITY[sdk=iphoneos*]" = "iPhone Developer";
				COPY_PHASE_STRIP = NO;
				DEBUG_INFORMATION_FORMAT = dwarf;
				ENABLE_STRICT_OBJC_MSGSEND = YES;
				ENABLE_TESTABILITY = YES;
				GCC_C_LANGUAGE_STANDARD = gnu99;
				GCC_DYNAMIC_NO_PIC = NO;
				GCC_NO_COMMON_BLOCKS = YES;
				GCC_OPTIMIZATION_LEVEL = 0;
				GCC_PREPROCESSOR_DEFINITIONS = (
					"DEBUG=1",
					"$(inherited)",
				);
				GCC_WARN_64_TO_32_BIT_CONVERSION = YES;
				GCC_WARN_ABOUT_RETURN_TYPE = YES_ERROR;
				GCC_WARN_UNDECLARED_SELECTOR = YES;
				GCC_WARN_UNINITIALIZED_AUTOS = YES_AGGRESSIVE;
				GCC_WARN_UNUSED_FUNCTION = YES;
				GCC_WARN_UNUSED_VARIABLE = YES;
				IPHONEOS_DEPLOYMENT_TARGET = 9.1;
				MTL_ENABLE_DEBUG_INFO = YES;
				ONLY_ACTIVE_ARCH = YES;
				SDKROOT = iphoneos;
				TARGETED_DEVICE_FAMILY = "1,2";
			};
			name = Debug;
		};
		F8E4E7A31CAA802B00127B99 /* Release */ = {
			isa = XCBuildConfiguration;
			buildSettings = {
				ALWAYS_SEARCH_USER_PATHS = NO;
				CLANG_CXX_LANGUAGE_STANDARD = "gnu++0x";
				CLANG_CXX_LIBRARY = "libc++";
				CLANG_ENABLE_MODULES = YES;
				CLANG_ENABLE_OBJC_ARC = YES;
				CLANG_WARN_BOOL_CONVERSION = YES;
				CLANG_WARN_CONSTANT_CONVERSION = YES;
				CLANG_WARN_DIRECT_OBJC_ISA_USAGE = YES_ERROR;
				CLANG_WARN_EMPTY_BODY = YES;
				CLANG_WARN_ENUM_CONVERSION = YES;
				CLANG_WARN_INT_CONVERSION = YES;
				CLANG_WARN_OBJC_ROOT_CLASS = YES_ERROR;
				CLANG_WARN_UNREACHABLE_CODE = YES;
				CLANG_WARN__DUPLICATE_METHOD_MATCH = YES;
				"CODE_SIGN_IDENTITY[sdk=iphoneos*]" = "iPhone Developer";
				COPY_PHASE_STRIP = NO;
				DEBUG_INFORMATION_FORMAT = "dwarf-with-dsym";
				ENABLE_NS_ASSERTIONS = NO;
				ENABLE_STRICT_OBJC_MSGSEND = YES;
				GCC_C_LANGUAGE_STANDARD = gnu99;
				GCC_NO_COMMON_BLOCKS = YES;
				GCC_WARN_64_TO_32_BIT_CONVERSION = YES;
				GCC_WARN_ABOUT_RETURN_TYPE = YES_ERROR;
				GCC_WARN_UNDECLARED_SELECTOR = YES;
				GCC_WARN_UNINITIALIZED_AUTOS = YES_AGGRESSIVE;
				GCC_WARN_UNUSED_FUNCTION = YES;
				GCC_WARN_UNUSED_VARIABLE = YES;
				IPHONEOS_DEPLOYMENT_TARGET = 9.1;
				MTL_ENABLE_DEBUG_INFO = NO;
				SDKROOT = iphoneos;
				TARGETED_DEVICE_FAMILY = "1,2";
				VALIDATE_PRODUCT = YES;
			};
			name = Release;
		};
		F8E4E7A51CAA802B00127B99 /* Debug */ = {
			isa = XCBuildConfiguration;
			buildSettings = {
				ASSETCATALOG_COMPILER_APPICON_NAME = AppIcon;
				INFOPLIST_FILE = "tablebar测试/Info.plist";
				LD_RUNPATH_SEARCH_PATHS = "$(inherited) @executable_path/Frameworks";
				PRODUCT_BUNDLE_IDENTIFIER = "aaa.tablebar--";
				PRODUCT_NAME = "$(TARGET_NAME)";
			};
			name = Debug;
		};
		F8E4E7A61CAA802B00127B99 /* Release */ = {
			isa = XCBuildConfiguration;
			buildSettings = {
				ASSETCATALOG_COMPILER_APPICON_NAME = AppIcon;
				INFOPLIST_FILE = "tablebar测试/Info.plist";
				LD_RUNPATH_SEARCH_PATHS = "$(inherited) @executable_path/Frameworks";
				PRODUCT_BUNDLE_IDENTIFIER = "aaa.tablebar--";
				PRODUCT_NAME = "$(TARGET_NAME)";
			};
			name = Release;
		};
		F8E4E7A81CAA802B00127B99 /* Debug */ = {
			isa = XCBuildConfiguration;
			buildSettings = {
				BUNDLE_LOADER = "$(TEST_HOST)";
				INFOPLIST_FILE = "tablebar测试Tests/Info.plist";
				LD_RUNPATH_SEARCH_PATHS = "$(inherited) @executable_path/Frameworks @loader_path/Frameworks";
				PRODUCT_BUNDLE_IDENTIFIER = "aaa.tablebar--Tests";
				PRODUCT_NAME = "$(TARGET_NAME)";
				TEST_HOST = "$(BUILT_PRODUCTS_DIR)/tablebar测试.app/tablebar测试";
			};
			name = Debug;
		};
		F8E4E7A91CAA802B00127B99 /* Release */ = {
			isa = XCBuildConfiguration;
			buildSettings = {
				BUNDLE_LOADER = "$(TEST_HOST)";
				INFOPLIST_FILE = "tablebar测试Tests/Info.plist";
				LD_RUNPATH_SEARCH_PATHS = "$(inherited) @executable_path/Frameworks @loader_path/Frameworks";
				PRODUCT_BUNDLE_IDENTIFIER = "aaa.tablebar--Tests";
				PRODUCT_NAME = "$(TARGET_NAME)";
				TEST_HOST = "$(BUILT_PRODUCTS_DIR)/tablebar测试.app/tablebar测试";
			};
			name = Release;
		};
		F8E4E7AB1CAA802B00127B99 /* Debug */ = {
			isa = XCBuildConfiguration;
			buildSettings = {
				INFOPLIST_FILE = "tablebar测试UITests/Info.plist";
				LD_RUNPATH_SEARCH_PATHS = "$(inherited) @executable_path/Frameworks @loader_path/Frameworks";
				PRODUCT_BUNDLE_IDENTIFIER = "aaa.tablebar--UITests";
				PRODUCT_NAME = "$(TARGET_NAME)";
				TEST_TARGET_NAME = "tablebar测试";
				USES_XCTRUNNER = YES;
			};
			name = Debug;
		};
		F8E4E7AC1CAA802B00127B99 /* Release */ = {
			isa = XCBuildConfiguration;
			buildSettings = {
				INFOPLIST_FILE = "tablebar测试UITests/Info.plist";
				LD_RUNPATH_SEARCH_PATHS = "$(inherited) @executable_path/Frameworks @loader_path/Frameworks";
				PRODUCT_BUNDLE_IDENTIFIER = "aaa.tablebar--UITests";
				PRODUCT_NAME = "$(TARGET_NAME)";
				TEST_TARGET_NAME = "tablebar测试";
				USES_XCTRUNNER = YES;
			};
			name = Release;
		};
/* End XCBuildConfiguration section */

/* Begin XCConfigurationList section */
		F8E4E7721CAA802B00127B99 /* Build configuration list for PBXProject "tablebar测试" */ = {
			isa = XCConfigurationList;
			buildConfigurations = (
				F8E4E7A21CAA802B00127B99 /* Debug */,
				F8E4E7A31CAA802B00127B99 /* Release */,
			);
			defaultConfigurationIsVisible = 0;
			defaultConfigurationName = Release;
		};
		F8E4E7A41CAA802B00127B99 /* Build configuration list for PBXNativeTarget "tablebar测试" */ = {
			isa = XCConfigurationList;
			buildConfigurations = (
				F8E4E7A51CAA802B00127B99 /* Debug */,
				F8E4E7A61CAA802B00127B99 /* Release */,
			);
			defaultConfigurationIsVisible = 0;
		};
		F8E4E7A71CAA802B00127B99 /* Build configuration list for PBXNativeTarget "tablebar测试Tests" */ = {
			isa = XCConfigurationList;
			buildConfigurations = (
				F8E4E7A81CAA802B00127B99 /* Debug */,
				F8E4E7A91CAA802B00127B99 /* Release */,
			);
			defaultConfigurationIsVisible = 0;
		};
		F8E4E7AA1CAA802B00127B99 /* Build configuration list for PBXNativeTarget "tablebar测试UITests" */ = {
			isa = XCConfigurationList;
			buildConfigurations = (
				F8E4E7AB1CAA802B00127B99 /* Debug */,
				F8E4E7AC1CAA802B00127B99 /* Release */,
			);
			defaultConfigurationIsVisible = 0;
		};
/* End XCConfigurationList section */
	};
	rootObject = F8E4E76F1CAA802B00127B99 /* Project object */;
}
