// !$*UTF8*$!
{
	archiveVersion = 1;
	classes = {
	};
	objectVersion = 46;
	objects = {

/* Begin PBXBuildFile section */
		F8EB89BF1CB5E10B00FE2E45 /* AppDelegate.swift in Sources */ = {isa = PBXBuildFile; fileRef = F8EB89BE1CB5E10B00FE2E45 /* AppDelegate.swift */; };
		F8EB89C11CB5E10B00FE2E45 /* ViewController.swift in Sources */ = {isa = PBXBuildFile; fileRef = F8EB89C01CB5E10B00FE2E45 /* ViewController.swift */; };
		F8EB89C41CB5E10B00FE2E45 /* Main.storyboard in Resources */ = {isa = PBXBuildFile; fileRef = F8EB89C21CB5E10B00FE2E45 /* Main.storyboard */; };
		F8EB89C71CB5E10B00FE2E45 /* ____scrollView.xcdatamodeld in Sources */ = {isa = PBXBuildFile; fileRef = F8EB89C51CB5E10B00FE2E45 /* ____scrollView.xcdatamodeld */; };
		F8EB89C91CB5E10B00FE2E45 /* Assets.xcassets in Resources */ = {isa = PBXBuildFile; fileRef = F8EB89C81CB5E10B00FE2E45 /* Assets.xcassets */; };
		F8EB89CC1CB5E10B00FE2E45 /* LaunchScreen.storyboard in Resources */ = {isa = PBXBuildFile; fileRef = F8EB89CA1CB5E10B00FE2E45 /* LaunchScreen.storyboard */; };
/* End PBXBuildFile section */

/* Begin PBXFileReference section */
		F8EB89BB1CB5E10B00FE2E45 /* 闭包创建scrollView.app */ = {isa = PBXFileReference; explicitFileType = wrapper.application; includeInIndex = 0; path = "闭包创建scrollView.app"; sourceTree = BUILT_PRODUCTS_DIR; };
		F8EB89BE1CB5E10B00FE2E45 /* AppDelegate.swift */ = {isa = PBXFileReference; lastKnownFileType = sourcecode.swift; path = AppDelegate.swift; sourceTree = "<group>"; };
		F8EB89C01CB5E10B00FE2E45 /* ViewController.swift */ = {isa = PBXFileReference; lastKnownFileType = sourcecode.swift; path = ViewController.swift; sourceTree = "<group>"; };
		F8EB89C31CB5E10B00FE2E45 /* Base */ = {isa = PBXFileReference; lastKnownFileType = file.storyboard; name = Base; path = Base.lproj/Main.storyboard; sourceTree = "<group>"; };
		F8EB89C61CB5E10B00FE2E45 /* ____scrollView.xcdatamodel */ = {isa = PBXFileReference; lastKnownFileType = wrapper.xcdatamodel; path = "____scrollView.xcdatamodel"; sourceTree = "<group>"; };
		F8EB89C81CB5E10B00FE2E45 /* Assets.xcassets */ = {isa = PBXFileReference; lastKnownFileType = folder.assetcatalog; path = Assets.xcassets; sourceTree = "<group>"; };
		F8EB89CB1CB5E10B00FE2E45 /* Base */ = {isa = PBXFileReference; lastKnownFileType = file.storyboard; name = Base; path = Base.lproj/LaunchScreen.storyboard; sourceTree = "<group>"; };
		F8EB89CD1CB5E10B00FE2E45 /* Info.plist */ = {isa = PBXFileReference; lastKnownFileType = text.plist.xml; path = Info.plist; sourceTree = "<group>"; };
/* End PBXFileReference section */

/* Begin PBXFrameworksBuildPhase section */
		F8EB89B81CB5E10B00FE2E45 /* Frameworks */ = {
			isa = PBXFrameworksBuildPhase;
			buildActionMask = 2147483647;
			files = (
			);
			runOnlyForDeploymentPostprocessing = 0;
		};
/* End PBXFrameworksBuildPhase section */

/* Begin PBXGroup section */
		F8EB89B21CB5E10B00FE2E45 = {
			isa = PBXGroup;
			children = (
				F8EB89BD1CB5E10B00FE2E45 /* 闭包创建scrollView */,
				F8EB89BC1CB5E10B00FE2E45 /* Products */,
			);
			sourceTree = "<group>";
		};
		F8EB89BC1CB5E10B00FE2E45 /* Products */ = {
			isa = PBXGroup;
			children = (
				F8EB89BB1CB5E10B00FE2E45 /* 闭包创建scrollView.app */,
			);
			name = Products;
			sourceTree = "<group>";
		};
		F8EB89BD1CB5E10B00FE2E45 /* 闭包创建scrollView */ = {
			isa = PBXGroup;
			children = (
				F8EB89BE1CB5E10B00FE2E45 /* AppDelegate.swift */,
				F8EB89C01CB5E10B00FE2E45 /* ViewController.swift */,
				F8EB89C21CB5E10B00FE2E45 /* Main.storyboard */,
				F8EB89C81CB5E10B00FE2E45 /* Assets.xcassets */,
				F8EB89CA1CB5E10B00FE2E45 /* LaunchScreen.storyboard */,
				F8EB89CD1CB5E10B00FE2E45 /* Info.plist */,
				F8EB89C51CB5E10B00FE2E45 /* ____scrollView.xcdatamodeld */,
			);
			path = "闭包创建scrollView";
			sourceTree = "<group>";
		};
/* End PBXGroup section */

/* Begin PBXNativeTarget section */
		F8EB89BA1CB5E10B00FE2E45 /* 闭包创建scrollView */ = {
			isa = PBXNativeTarget;
			buildConfigurationList = F8EB89D01CB5E10B00FE2E45 /* Build configuration list for PBXNativeTarget "闭包创建scrollView" */;
			buildPhases = (
				F8EB89B71CB5E10B00FE2E45 /* Sources */,
				F8EB89B81CB5E10B00FE2E45 /* Frameworks */,
				F8EB89B91CB5E10B00FE2E45 /* Resources */,
			);
			buildRules = (
			);
			dependencies = (
			);
			name = "闭包创建scrollView";
			productName = "闭包创建scrollView";
			productReference = F8EB89BB1CB5E10B00FE2E45 /* 闭包创建scrollView.app */;
			productType = "com.apple.product-type.application";
		};
/* End PBXNativeTarget section */

/* Begin PBXProject section */
		F8EB89B31CB5E10B00FE2E45 /* Project object */ = {
			isa = PBXProject;
			attributes = {
				LastSwiftUpdateCheck = 0730;
				LastUpgradeCheck = 0730;
				ORGANIZATIONNAME = yh;
				TargetAttributes = {
					F8EB89BA1CB5E10B00FE2E45 = {
						CreatedOnToolsVersion = 7.3;
					};
				};
			};
			buildConfigurationList = F8EB89B61CB5E10B00FE2E45 /* Build configuration list for PBXProject "闭包创建scrollView" */;
			compatibilityVersion = "Xcode 3.2";
			developmentRegion = English;
			hasScannedForEncodings = 0;
			knownRegions = (
				en,
				Base,
			);
			mainGroup = F8EB89B21CB5E10B00FE2E45;
			productRefGroup = F8EB89BC1CB5E10B00FE2E45 /* Products */;
			projectDirPath = "";
			projectRoot = "";
			targets = (
				F8EB89BA1CB5E10B00FE2E45 /* 闭包创建scrollView */,
			);
		};
/* End PBXProject section */

/* Begin PBXResourcesBuildPhase section */
		F8EB89B91CB5E10B00FE2E45 /* Resources */ = {
			isa = PBXResourcesBuildPhase;
			buildActionMask = 2147483647;
			files = (
				F8EB89CC1CB5E10B00FE2E45 /* LaunchScreen.storyboard in Resources */,
				F8EB89C91CB5E10B00FE2E45 /* Assets.xcassets in Resources */,
				F8EB89C41CB5E10B00FE2E45 /* Main.storyboard in Resources */,
			);
			runOnlyForDeploymentPostprocessing = 0;
		};
/* End PBXResourcesBuildPhase section */

/* Begin PBXSourcesBuildPhase section */
		F8EB89B71CB5E10B00FE2E45 /* Sources */ = {
			isa = PBXSourcesBuildPhase;
			buildActionMask = 2147483647;
			files = (
				F8EB89C11CB5E10B00FE2E45 /* ViewController.swift in Sources */,
				F8EB89BF1CB5E10B00FE2E45 /* AppDelegate.swift in Sources */,
				F8EB89C71CB5E10B00FE2E45 /* ____scrollView.xcdatamodeld in Sources */,
			);
			runOnlyForDeploymentPostprocessing = 0;
		};
/* End PBXSourcesBuildPhase section */

/* Begin PBXVariantGroup section */
		F8EB89C21CB5E10B00FE2E45 /* Main.storyboard */ = {
			isa = PBXVariantGroup;
			children = (
				F8EB89C31CB5E10B00FE2E45 /* Base */,
			);
			name = Main.storyboard;
			sourceTree = "<group>";
		};
		F8EB89CA1CB5E10B00FE2E45 /* LaunchScreen.storyboard */ = {
			isa = PBXVariantGroup;
			children = (
				F8EB89CB1CB5E10B00FE2E45 /* Base */,
			);
			name = LaunchScreen.storyboard;
			sourceTree = "<group>";
		};
/* End PBXVariantGroup section */

/* Begin XCBuildConfiguration section */
		F8EB89CE1CB5E10B00FE2E45 /* Debug */ = {
			isa = XCBuildConfiguration;
			buildSettings = {
				ALWAYS_SEARCH_USER_PATHS = NO;
				CLANG_ANALYZER_NONNULL = YES;
				CLANG_CXX_LANGUAGE_STANDARD = "gnu++0x";
				CLANG_CXX_LIBRARY = "libc++";
				CLANG_ENABLE_MODULES = YES;
				CLANG_ENABLE_OBJC_ARC = YES;
				CLANG_WARN_BOOL_CONVERSION = YES;
				CLANG_WARN_CONSTANT_CONVERSION = YES;
				CLANG_WARN_DIRECT_OBJC_ISA_USAGE = YES_ERROR;
				CLANG_WARN_EMPTY_BODY = YES;
				CLANG_WARN_ENUM_CONVERSION = YES;
				CLANG_WARN_INT_CONVERSION = YES;
				CLANG_WARN_OBJC_ROOT_CLASS = YES_ERROR;
				CLANG_WARN_UNREACHABLE_CODE = YES;
				CLANG_WARN__DUPLICATE_METHOD_MATCH = YES;
				"CODE_SIGN_IDENTITY[sdk=iphoneos*]" = "iPhone Developer";
				COPY_PHASE_STRIP = NO;
				DEBUG_INFORMATION_FORMAT = dwarf;
				ENABLE_STRICT_OBJC_MSGSEND = YES;
				ENABLE_TESTABILITY = YES;
				GCC_C_LANGUAGE_STANDARD = gnu99;
				GCC_DYNAMIC_NO_PIC = NO;
				GCC_NO_COMMON_BLOCKS = YES;
				GCC_OPTIMIZATION_LEVEL = 0;
				GCC_PREPROCESSOR_DEFINITIONS = (
					"DEBUG=1",
					"$(inherited)",
				);
				GCC_WARN_64_TO_32_BIT_CONVERSION = YES;
				GCC_WARN_ABOUT_RETURN_TYPE = YES_ERROR;
				GCC_WARN_UNDECLARED_SELECTOR = YES;
				GCC_WARN_UNINITIALIZED_AUTOS = YES_AGGRESSIVE;
				GCC_WARN_UNUSED_FUNCTION = YES;
				GCC_WARN_UNUSED_VARIABLE = YES;
				IPHONEOS_DEPLOYMENT_TARGET = 9.3;
				MTL_ENABLE_DEBUG_INFO = YES;
				ONLY_ACTIVE_ARCH = YES;
				SDKROOT = iphoneos;
				SWIFT_OPTIMIZATION_LEVEL = "-Onone";
				TARGETED_DEVICE_FAMILY = "1,2";
			};
			name = Debug;
		};
		F8EB89CF1CB5E10B00FE2E45 /* Release */ = {
			isa = XCBuildConfiguration;
			buildSettings = {
				ALWAYS_SEARCH_USER_PATHS = NO;
				CLANG_ANALYZER_NONNULL = YES;
				CLANG_CXX_LANGUAGE_STANDARD = "gnu++0x";
				CLANG_CXX_LIBRARY = "libc++";
				CLANG_ENABLE_MODULES = YES;
				CLANG_ENABLE_OBJC_ARC = YES;
				CLANG_WARN_BOOL_CONVERSION = YES;
				CLANG_WARN_CONSTANT_CONVERSION = YES;
				CLANG_WARN_DIRECT_OBJC_ISA_USAGE = YES_ERROR;
				CLANG_WARN_EMPTY_BODY = YES;
				CLANG_WARN_ENUM_CONVERSION = YES;
				CLANG_WARN_INT_CONVERSION = YES;
				CLANG_WARN_OBJC_ROOT_CLASS = YES_ERROR;
				CLANG_WARN_UNREACHABLE_CODE = YES;
				CLANG_WARN__DUPLICATE_METHOD_MATCH = YES;
				"CODE_SIGN_IDENTITY[sdk=iphoneos*]" = "iPhone Developer";
				COPY_PHASE_STRIP = NO;
				DEBUG_INFORMATION_FORMAT = "dwarf-with-dsym";
				ENABLE_NS_ASSERTIONS = NO;
				ENABLE_STRICT_OBJC_MSGSEND = YES;
				GCC_C_LANGUAGE_STANDARD = gnu99;
				GCC_NO_COMMON_BLOCKS = YES;
				GCC_WARN_64_TO_32_BIT_CONVERSION = YES;
				GCC_WARN_ABOUT_RETURN_TYPE = YES_ERROR;
				GCC_WARN_UNDECLARED_SELECTOR = YES;
				GCC_WARN_UNINITIALIZED_AUTOS = YES_AGGRESSIVE;
				GCC_WARN_UNUSED_FUNCTION = YES;
				GCC_WARN_UNUSED_VARIABLE = YES;
				IPHONEOS_DEPLOYMENT_TARGET = 9.3;
				MTL_ENABLE_DEBUG_INFO = NO;
				SDKROOT = iphoneos;
				TARGETED_DEVICE_FAMILY = "1,2";
				VALIDATE_PRODUCT = YES;
			};
			name = Release;
		};
		F8EB89D11CB5E10B00FE2E45 /* Debug */ = {
			isa = XCBuildConfiguration;
			buildSettings = {
				ASSETCATALOG_COMPILER_APPICON_NAME = AppIcon;
				INFOPLIST_FILE = "闭包创建scrollView/Info.plist";
				LD_RUNPATH_SEARCH_PATHS = "$(inherited) @executable_path/Frameworks";
				PRODUCT_BUNDLE_IDENTIFIER = "aaa.----scrollView";
				PRODUCT_NAME = "$(TARGET_NAME)";
			};
			name = Debug;
		};
		F8EB89D21CB5E10B00FE2E45 /* Release */ = {
			isa = XCBuildConfiguration;
			buildSettings = {
				ASSETCATALOG_COMPILER_APPICON_NAME = AppIcon;
				INFOPLIST_FILE = "闭包创建scrollView/Info.plist";
				LD_RUNPATH_SEARCH_PATHS = "$(inherited) @executable_path/Frameworks";
				PRODUCT_BUNDLE_IDENTIFIER = "aaa.----scrollView";
				PRODUCT_NAME = "$(TARGET_NAME)";
			};
			name = Release;
		};
/* End XCBuildConfiguration section */

/* Begin XCConfigurationList section */
		F8EB89B61CB5E10B00FE2E45 /* Build configuration list for PBXProject "闭包创建scrollView" */ = {
			isa = XCConfigurationList;
			buildConfigurations = (
				F8EB89CE1CB5E10B00FE2E45 /* Debug */,
				F8EB89CF1CB5E10B00FE2E45 /* Release */,
			);
			defaultConfigurationIsVisible = 0;
			defaultConfigurationName = Release;
		};
		F8EB89D01CB5E10B00FE2E45 /* Build configuration list for PBXNativeTarget "闭包创建scrollView" */ = {
			isa = XCConfigurationList;
			buildConfigurations = (
				F8EB89D11CB5E10B00FE2E45 /* Debug */,
				F8EB89D21CB5E10B00FE2E45 /* Release */,
			);
			defaultConfigurationIsVisible = 0;
		};
/* End XCConfigurationList section */

/* Begin XCVersionGroup section */
		F8EB89C51CB5E10B00FE2E45 /* ____scrollView.xcdatamodeld */ = {
			isa = XCVersionGroup;
			children = (
				F8EB89C61CB5E10B00FE2E45 /* ____scrollView.xcdatamodel */,
			);
			currentVersion = F8EB89C61CB5E10B00FE2E45 /* ____scrollView.xcdatamodel */;
			path = "____scrollView.xcdatamodeld";
			sourceTree = "<group>";
			versionGroupType = wrapper.xcdatamodel;
		};
/* End XCVersionGroup section */
	};
	rootObject = F8EB89B31CB5E10B00FE2E45 /* Project object */;
}
